
Microsoft Visual Studio Solution File, Format Version 12.00
# Visual Studio Version 16
VisualStudioVersion = 16.0.30011.22
MinimumVisualStudioVersion = 10.0.40219.1
Project("{FAE04EC0-301F-11D3-BF4B-00C04F79EFBC}") = "Ejercicio_01", "Ejercicio_01\Ejercicio_01.csproj", "{AAFC4738-C15B-407D-9A04-8D4123825335}"
EndProject
Project("{FAE04EC0-301F-11D3-BF4B-00C04F79EFBC}") = "Ejercicio_02", "Ejercicio_02\Ejercicio_02.csproj", "{D6D2349B-601A-40C5-ACC2-5DBE9AB802EB}"
EndProject
Project("{FAE04EC0-301F-11D3-BF4B-00C04F79EFBC}") = "Ejercicio_03", "Ejercicio_03\Ejercicio_03.csproj", "{F8C90134-E527-4CDD-A849-961B3D59DCC3}"
EndProject
Project("{FAE04EC0-301F-11D3-BF4B-00C04F79EFBC}") = "Ejercicio_04", "Ejercicio_04\Ejercicio_04.csproj", "{99770F3A-1729-448E-8B38-CD970959115B}"
EndProject
Project("{FAE04EC0-301F-11D3-BF4B-00C04F79EFBC}") = "Ejercicio_05", "Ejercicio_05\Ejercicio_05.csproj", "{EB2BB532-1096-46BF-90E9-7D7AA449B16D}"
EndProject
Project("{FAE04EC0-301F-11D3-BF4B-00C04F79EFBC}") = "Ejercicio_06", "Ejercicio_06\Ejercicio_06.csproj", "{2321211F-A0A6-42F5-A611-7F8F72260616}"
EndProject
Project("{FAE04EC0-301F-11D3-BF4B-00C04F79EFBC}") = "Ejercicio_07", "Ejercicio_07\Ejercicio_07.csproj", "{C9FC8864-31FC-476F-BABB-E7B0D3436971}"
EndProject
Project("{FAE04EC0-301F-11D3-BF4B-00C04F79EFBC}") = "Ejercicio_08", "Ejercicio_08\Ejercicio_08.csproj", "{64179B47-3B1D-47BE-BCDF-678F4A19770F}"
EndProject
Project("{FAE04EC0-301F-11D3-BF4B-00C04F79EFBC}") = "Ejercicio_09", "Ejercicio_09\Ejercicio_09.csproj", "{0D12C808-49F6-4CA0-A7CB-52B1427F9D10}"
EndProject
Global
	GlobalSection(SolutionConfigurationPlatforms) = preSolution
		Debug|Any CPU = Debug|Any CPU
		Release|Any CPU = Release|Any CPU
	EndGlobalSection
	GlobalSection(ProjectConfigurationPlatforms) = postSolution
		{AAFC4738-C15B-407D-9A04-8D4123825335}.Debug|Any CPU.ActiveCfg = Debug|Any CPU
		{AAFC4738-C15B-407D-9A04-8D4123825335}.Debug|Any CPU.Build.0 = Debug|Any CPU
		{AAFC4738-C15B-407D-9A04-8D4123825335}.Release|Any CPU.ActiveCfg = Release|Any CPU
		{AAFC4738-C15B-407D-9A04-8D4123825335}.Release|Any CPU.Build.0 = Release|Any CPU
		{D6D2349B-601A-40C5-ACC2-5DBE9AB802EB}.Debug|Any CPU.ActiveCfg = Debug|Any CPU
		{D6D2349B-601A-40C5-ACC2-5DBE9AB802EB}.Debug|Any CPU.Build.0 = Debug|Any CPU
		{D6D2349B-601A-40C5-ACC2-5DBE9AB802EB}.Release|Any CPU.ActiveCfg = Release|Any CPU
		{D6D2349B-601A-40C5-ACC2-5DBE9AB802EB}.Release|Any CPU.Build.0 = Release|Any CPU
		{F8C90134-E527-4CDD-A849-961B3D59DCC3}.Debug|Any CPU.ActiveCfg = Debug|Any CPU
		{F8C90134-E527-4CDD-A849-961B3D59DCC3}.Debug|Any CPU.Build.0 = Debug|Any CPU
		{F8C90134-E527-4CDD-A849-961B3D59DCC3}.Release|Any CPU.ActiveCfg = Release|Any CPU
		{F8C90134-E527-4CDD-A849-961B3D59DCC3}.Release|Any CPU.Build.0 = Release|Any CPU
		{99770F3A-1729-448E-8B38-CD970959115B}.Debug|Any CPU.ActiveCfg = Debug|Any CPU
		{99770F3A-1729-448E-8B38-CD970959115B}.Debug|Any CPU.Build.0 = Debug|Any CPU
		{99770F3A-1729-448E-8B38-CD970959115B}.Release|Any CPU.ActiveCfg = Release|Any CPU
		{99770F3A-1729-448E-8B38-CD970959115B}.Release|Any CPU.Build.0 = Release|Any CPU
		{EB2BB532-1096-46BF-90E9-7D7AA449B16D}.Debug|Any CPU.ActiveCfg = Debug|Any CPU
		{EB2BB532-1096-46BF-90E9-7D7AA449B16D}.Debug|Any CPU.Build.0 = Debug|Any CPU
		{EB2BB532-1096-46BF-90E9-7D7AA449B16D}.Release|Any CPU.ActiveCfg = Release|Any CPU
		{EB2BB532-1096-46BF-90E9-7D7AA449B16D}.Release|Any CPU.Build.0 = Release|Any CPU
		{2321211F-A0A6-42F5-A611-7F8F72260616}.Debug|Any CPU.ActiveCfg = Debug|Any CPU
		{2321211F-A0A6-42F5-A611-7F8F72260616}.Debug|Any CPU.Build.0 = Debug|Any CPU
		{2321211F-A0A6-42F5-A611-7F8F72260616}.Release|Any CPU.ActiveCfg = Release|Any CPU
		{2321211F-A0A6-42F5-A611-7F8F72260616}.Release|Any CPU.Build.0 = Release|Any CPU
		{C9FC8864-31FC-476F-BABB-E7B0D3436971}.Debug|Any CPU.ActiveCfg = Debug|Any CPU
		{C9FC8864-31FC-476F-BABB-E7B0D3436971}.Debug|Any CPU.Build.0 = Debug|Any CPU
		{C9FC8864-31FC-476F-BABB-E7B0D3436971}.Release|Any CPU.ActiveCfg = Release|Any CPU
		{C9FC8864-31FC-476F-BABB-E7B0D3436971}.Release|Any CPU.Build.0 = Release|Any CPU
		{64179B47-3B1D-47BE-BCDF-678F4A19770F}.Debug|Any CPU.ActiveCfg = Debug|Any CPU
		{64179B47-3B1D-47BE-BCDF-678F4A19770F}.Debug|Any CPU.Build.0 = Debug|Any CPU
		{64179B47-3B1D-47BE-BCDF-678F4A19770F}.Release|Any CPU.ActiveCfg = Release|Any CPU
		{64179B47-3B1D-47BE-BCDF-678F4A19770F}.Release|Any CPU.Build.0 = Release|Any CPU
		{0D12C808-49F6-4CA0-A7CB-52B1427F9D10}.Debug|Any CPU.ActiveCfg = Debug|Any CPU
		{0D12C808-49F6-4CA0-A7CB-52B1427F9D10}.Debug|Any CPU.Build.0 = Debug|Any CPU
		{0D12C808-49F6-4CA0-A7CB-52B1427F9D10}.Release|Any CPU.ActiveCfg = Release|Any CPU
		{0D12C808-49F6-4CA0-A7CB-52B1427F9D10}.Release|Any CPU.Build.0 = Release|Any CPU
	EndGlobalSection
	GlobalSection(SolutionProperties) = preSolution
		HideSolutionNode = FALSE
	EndGlobalSection
	GlobalSection(ExtensibilityGlobals) = postSolution
		SolutionGuid = {81491EE7-DD3E-45F7-A829-9D48A4644219}
	EndGlobalSection
EndGlobal
